{
  "name": "mosaicheadspa-klon",
  "lockfileVersion": 3,
  "requires": true,
  "packages": {
    "": {
      "name": "mosaicheadspa-klon",
      "dependencies": {
        "nodemailer": "^6.9.16",
        "worker-mailer": "^1.2.1"
      }
    },
    "node_modules/nodemailer": {
      "version": "6.10.1",
      "resolved": "https://registry.npmjs.org/nodemailer/-/nodemailer-6.10.1.tgz",
      "integrity": "sha512-Z+iLaBGVaSjbIzQ4pX6XV41HrooLsQ10ZWPUehGmuantvzWoDVBnmsdUcOIDM1t+yPor5pDhVlDESgOMEGxhHA==",
      "license": "MIT-0",
      "engines": {
        "node": ">=6.0.0"
      }
    },
    "node_modules/worker-mailer": {
      "version": "1.2.1",
      "resolved": "https://registry.npmjs.org/worker-mailer/-/worker-mailer-1.2.1.tgz",
      "integrity": "sha512-gS2ei/mrpRqNs+AHmqxhT6vFPwCLw2qnz5ShmyGD0ULaU0Q9hxnFAcx9jhAip/MnD6+MjgnQu6hQQgA8mlOkVA==",
      "license": "MIT"
    }
  }
}
